
Microsoft Visual Studio Solution File, Format Version 12.00
# Visual Studio Version 17
VisualStudioVersion = 17.5.33627.172
MinimumVisualStudioVersion = 10.0.40219.1
Project("{9A19103F-16F7-4668-BE54-9A1E7A4F7556}") = "Azarroide.Infra.Data", "Azarroide.Infra.Data\Azarroide.Infra.Data.csproj", "{A3B03F50-68D0-44C8-A404-FC871FA7493D}"
EndProject
Project("{9A19103F-16F7-4668-BE54-9A1E7A4F7556}") = "Azarroide.Domain", "Azarroide.Domain\Azarroide.Domain.csproj", "{ED0664FC-CBAE-4BB8-9D99-3FBA78B9506B}"
EndProject
Project("{9A19103F-16F7-4668-BE54-9A1E7A4F7556}") = "Azarroide.Application", "Azarroinde.Application\Azarroide.Application.csproj", "{783A350C-1D10-491F-9BE8-8AB476F41860}"
EndProject
Project("{9A19103F-16F7-4668-BE54-9A1E7A4F7556}") = "Azarroide", "Azarroide\Azarroide.csproj", "{9D3543D3-81A7-4294-89D9-113D22640477}"
EndProject
Project("{9A19103F-16F7-4668-BE54-9A1E7A4F7556}") = "Azarroide.Api", "Azarroide.Api\Azarroide.Api.csproj", "{B294EC69-D1DF-4874-8174-236962A45F25}"
EndProject
Global
	GlobalSection(SolutionConfigurationPlatforms) = preSolution
		Debug|Any CPU = Debug|Any CPU
		Release|Any CPU = Release|Any CPU
	EndGlobalSection
	GlobalSection(ProjectConfigurationPlatforms) = postSolution
		{A3B03F50-68D0-44C8-A404-FC871FA7493D}.Debug|Any CPU.ActiveCfg = Debug|Any CPU
		{A3B03F50-68D0-44C8-A404-FC871FA7493D}.Debug|Any CPU.Build.0 = Debug|Any CPU
		{A3B03F50-68D0-44C8-A404-FC871FA7493D}.Release|Any CPU.ActiveCfg = Release|Any CPU
		{A3B03F50-68D0-44C8-A404-FC871FA7493D}.Release|Any CPU.Build.0 = Release|Any CPU
		{ED0664FC-CBAE-4BB8-9D99-3FBA78B9506B}.Debug|Any CPU.ActiveCfg = Debug|Any CPU
		{ED0664FC-CBAE-4BB8-9D99-3FBA78B9506B}.Debug|Any CPU.Build.0 = Debug|Any CPU
		{ED0664FC-CBAE-4BB8-9D99-3FBA78B9506B}.Release|Any CPU.ActiveCfg = Release|Any CPU
		{ED0664FC-CBAE-4BB8-9D99-3FBA78B9506B}.Release|Any CPU.Build.0 = Release|Any CPU
		{783A350C-1D10-491F-9BE8-8AB476F41860}.Debug|Any CPU.ActiveCfg = Debug|Any CPU
		{783A350C-1D10-491F-9BE8-8AB476F41860}.Debug|Any CPU.Build.0 = Debug|Any CPU
		{783A350C-1D10-491F-9BE8-8AB476F41860}.Release|Any CPU.ActiveCfg = Release|Any CPU
		{783A350C-1D10-491F-9BE8-8AB476F41860}.Release|Any CPU.Build.0 = Release|Any CPU
		{9D3543D3-81A7-4294-89D9-113D22640477}.Debug|Any CPU.ActiveCfg = Debug|Any CPU
		{9D3543D3-81A7-4294-89D9-113D22640477}.Debug|Any CPU.Build.0 = Debug|Any CPU
		{9D3543D3-81A7-4294-89D9-113D22640477}.Release|Any CPU.ActiveCfg = Release|Any CPU
		{9D3543D3-81A7-4294-89D9-113D22640477}.Release|Any CPU.Build.0 = Release|Any CPU
		{B294EC69-D1DF-4874-8174-236962A45F25}.Debug|Any CPU.ActiveCfg = Debug|Any CPU
		{B294EC69-D1DF-4874-8174-236962A45F25}.Debug|Any CPU.Build.0 = Debug|Any CPU
		{B294EC69-D1DF-4874-8174-236962A45F25}.Release|Any CPU.ActiveCfg = Release|Any CPU
		{B294EC69-D1DF-4874-8174-236962A45F25}.Release|Any CPU.Build.0 = Release|Any CPU
	EndGlobalSection
	GlobalSection(SolutionProperties) = preSolution
		HideSolutionNode = FALSE
	EndGlobalSection
	GlobalSection(ExtensibilityGlobals) = postSolution
		SolutionGuid = {8B4223AF-DFFA-432F-BC16-5A375432323A}
	EndGlobalSection
EndGlobal
